
Microsoft Visual Studio Solution File, Format Version 12.00
# Visual Studio Version 17
VisualStudioVersion = 17.11.35219.272
MinimumVisualStudioVersion = 10.0.40219.1
Project("{FAE04EC0-301F-11D3-BF4B-00C04F79EFBC}") = "FlappyBird", "FlappyBird\FlappyBird.csproj", "{33F2BCEE-41A9-4742-ABF1-69BCD7362844}"
EndProject
Global
	GlobalSection(SolutionConfigurationPlatforms) = preSolution
		Debug|Any CPU = Debug|Any CPU
		Release|Any CPU = Release|Any CPU
	EndGlobalSection
	GlobalSection(ProjectConfigurationPlatforms) = postSolution
		{33F2BCEE-41A9-4742-ABF1-69BCD7362844}.Debug|Any CPU.ActiveCfg = Debug|Any CPU
		{33F2BCEE-41A9-4742-ABF1-69BCD7362844}.Debug|Any CPU.Build.0 = Debug|Any CPU
		{33F2BCEE-41A9-4742-ABF1-69BCD7362844}.Release|Any CPU.ActiveCfg = Release|Any CPU
		{33F2BCEE-41A9-4742-ABF1-69BCD7362844}.Release|Any CPU.Build.0 = Release|Any CPU
	EndGlobalSection
	GlobalSection(SolutionProperties) = preSolution
		HideSolutionNode = FALSE
	EndGlobalSection
	GlobalSection(ExtensibilityGlobals) = postSolution
		SolutionGuid = {45584AD9-8422-4AE0-BB89-42424E5627CA}
	EndGlobalSection
EndGlobal
